
Microsoft Visual Studio Solution File, Format Version 12.00
# Visual Studio Version 17
VisualStudioVersion = 17.3.32929.385
MinimumVisualStudioVersion = 10.0.40219.1
Project("{FAE04EC0-301F-11D3-BF4B-00C04F79EFBC}") = "StoreApi", "StoreApi\StoreApi.csproj", "{CE898969-6B41-43A5-8204-EB6EECAEC135}"
EndProject
Project("{FAE04EC0-301F-11D3-BF4B-00C04F79EFBC}") = "StoreApi.Entity", "StoreApi.Entity\StoreApi.Entity.csproj", "{AFF1E412-841F-4009-93F6-6EF60F434474}"
EndProject
Project("{FAE04EC0-301F-11D3-BF4B-00C04F79EFBC}") = "StoreApi.Data", "StoreApi.Data\StoreApi.Data.csproj", "{D46F4B50-2123-488A-80C9-F49AF62E87F8}"
EndProject
Global
	GlobalSection(SolutionConfigurationPlatforms) = preSolution
		Debug|Any CPU = Debug|Any CPU
		Release|Any CPU = Release|Any CPU
	EndGlobalSection
	GlobalSection(ProjectConfigurationPlatforms) = postSolution
		{CE898969-6B41-43A5-8204-EB6EECAEC135}.Debug|Any CPU.ActiveCfg = Debug|Any CPU
		{CE898969-6B41-43A5-8204-EB6EECAEC135}.Debug|Any CPU.Build.0 = Debug|Any CPU
		{CE898969-6B41-43A5-8204-EB6EECAEC135}.Release|Any CPU.ActiveCfg = Release|Any CPU
		{CE898969-6B41-43A5-8204-EB6EECAEC135}.Release|Any CPU.Build.0 = Release|Any CPU
		{AFF1E412-841F-4009-93F6-6EF60F434474}.Debug|Any CPU.ActiveCfg = Debug|Any CPU
		{AFF1E412-841F-4009-93F6-6EF60F434474}.Debug|Any CPU.Build.0 = Debug|Any CPU
		{AFF1E412-841F-4009-93F6-6EF60F434474}.Release|Any CPU.ActiveCfg = Release|Any CPU
		{AFF1E412-841F-4009-93F6-6EF60F434474}.Release|Any CPU.Build.0 = Release|Any CPU
		{D46F4B50-2123-488A-80C9-F49AF62E87F8}.Debug|Any CPU.ActiveCfg = Debug|Any CPU
		{D46F4B50-2123-488A-80C9-F49AF62E87F8}.Debug|Any CPU.Build.0 = Debug|Any CPU
		{D46F4B50-2123-488A-80C9-F49AF62E87F8}.Release|Any CPU.ActiveCfg = Release|Any CPU
		{D46F4B50-2123-488A-80C9-F49AF62E87F8}.Release|Any CPU.Build.0 = Release|Any CPU
	EndGlobalSection
	GlobalSection(SolutionProperties) = preSolution
		HideSolutionNode = FALSE
	EndGlobalSection
	GlobalSection(ExtensibilityGlobals) = postSolution
		SolutionGuid = {5E631DF0-2AC6-4520-8F48-13FCB082BBB5}
	EndGlobalSection
EndGlobal
